
Microsoft Visual Studio Solution File, Format Version 12.00
# Visual Studio 15
VisualStudioVersion = 15.0.26124.0
MinimumVisualStudioVersion = 15.0.26124.0
Project("{FAE04EC0-301F-11D3-BF4B-00C04F79EFBC}") = "Domain", "Domain\Domain.csproj", "{B1A52E43-474B-44AE-84CE-B89C9D934842}"
EndProject
Project("{FAE04EC0-301F-11D3-BF4B-00C04F79EFBC}") = "Application", "Application\Application.csproj", "{D698ED83-6501-4CA1-B62F-ECE02ACEC9BE}"
EndProject
Project("{FAE04EC0-301F-11D3-BF4B-00C04F79EFBC}") = "Persistence", "Persistence\Persistence.csproj", "{34CCDABA-9B95-4C58-A98C-1FAF7A6D5B1A}"
EndProject
Project("{FAE04EC0-301F-11D3-BF4B-00C04F79EFBC}") = "API", "API\API.csproj", "{0AC4E813-8EC0-4E49-ACB4-F1AD54D41422}"
EndProject
Global
	GlobalSection(SolutionConfigurationPlatforms) = preSolution
		Debug|Any CPU = Debug|Any CPU
		Debug|x64 = Debug|x64
		Debug|x86 = Debug|x86
		Release|Any CPU = Release|Any CPU
		Release|x64 = Release|x64
		Release|x86 = Release|x86
	EndGlobalSection
	GlobalSection(SolutionProperties) = preSolution
		HideSolutionNode = FALSE
	EndGlobalSection
	GlobalSection(ProjectConfigurationPlatforms) = postSolution
		{B1A52E43-474B-44AE-84CE-B89C9D934842}.Debug|Any CPU.ActiveCfg = Debug|Any CPU
		{B1A52E43-474B-44AE-84CE-B89C9D934842}.Debug|Any CPU.Build.0 = Debug|Any CPU
		{B1A52E43-474B-44AE-84CE-B89C9D934842}.Debug|x64.ActiveCfg = Debug|Any CPU
		{B1A52E43-474B-44AE-84CE-B89C9D934842}.Debug|x64.Build.0 = Debug|Any CPU
		{B1A52E43-474B-44AE-84CE-B89C9D934842}.Debug|x86.ActiveCfg = Debug|Any CPU
		{B1A52E43-474B-44AE-84CE-B89C9D934842}.Debug|x86.Build.0 = Debug|Any CPU
		{B1A52E43-474B-44AE-84CE-B89C9D934842}.Release|Any CPU.ActiveCfg = Release|Any CPU
		{B1A52E43-474B-44AE-84CE-B89C9D934842}.Release|Any CPU.Build.0 = Release|Any CPU
		{B1A52E43-474B-44AE-84CE-B89C9D934842}.Release|x64.ActiveCfg = Release|Any CPU
		{B1A52E43-474B-44AE-84CE-B89C9D934842}.Release|x64.Build.0 = Release|Any CPU
		{B1A52E43-474B-44AE-84CE-B89C9D934842}.Release|x86.ActiveCfg = Release|Any CPU
		{B1A52E43-474B-44AE-84CE-B89C9D934842}.Release|x86.Build.0 = Release|Any CPU
		{D698ED83-6501-4CA1-B62F-ECE02ACEC9BE}.Debug|Any CPU.ActiveCfg = Debug|Any CPU
		{D698ED83-6501-4CA1-B62F-ECE02ACEC9BE}.Debug|Any CPU.Build.0 = Debug|Any CPU
		{D698ED83-6501-4CA1-B62F-ECE02ACEC9BE}.Debug|x64.ActiveCfg = Debug|Any CPU
		{D698ED83-6501-4CA1-B62F-ECE02ACEC9BE}.Debug|x64.Build.0 = Debug|Any CPU
		{D698ED83-6501-4CA1-B62F-ECE02ACEC9BE}.Debug|x86.ActiveCfg = Debug|Any CPU
		{D698ED83-6501-4CA1-B62F-ECE02ACEC9BE}.Debug|x86.Build.0 = Debug|Any CPU
		{D698ED83-6501-4CA1-B62F-ECE02ACEC9BE}.Release|Any CPU.ActiveCfg = Release|Any CPU
		{D698ED83-6501-4CA1-B62F-ECE02ACEC9BE}.Release|Any CPU.Build.0 = Release|Any CPU
		{D698ED83-6501-4CA1-B62F-ECE02ACEC9BE}.Release|x64.ActiveCfg = Release|Any CPU
		{D698ED83-6501-4CA1-B62F-ECE02ACEC9BE}.Release|x64.Build.0 = Release|Any CPU
		{D698ED83-6501-4CA1-B62F-ECE02ACEC9BE}.Release|x86.ActiveCfg = Release|Any CPU
		{D698ED83-6501-4CA1-B62F-ECE02ACEC9BE}.Release|x86.Build.0 = Release|Any CPU
		{34CCDABA-9B95-4C58-A98C-1FAF7A6D5B1A}.Debug|Any CPU.ActiveCfg = Debug|Any CPU
		{34CCDABA-9B95-4C58-A98C-1FAF7A6D5B1A}.Debug|Any CPU.Build.0 = Debug|Any CPU
		{34CCDABA-9B95-4C58-A98C-1FAF7A6D5B1A}.Debug|x64.ActiveCfg = Debug|Any CPU
		{34CCDABA-9B95-4C58-A98C-1FAF7A6D5B1A}.Debug|x64.Build.0 = Debug|Any CPU
		{34CCDABA-9B95-4C58-A98C-1FAF7A6D5B1A}.Debug|x86.ActiveCfg = Debug|Any CPU
		{34CCDABA-9B95-4C58-A98C-1FAF7A6D5B1A}.Debug|x86.Build.0 = Debug|Any CPU
		{34CCDABA-9B95-4C58-A98C-1FAF7A6D5B1A}.Release|Any CPU.ActiveCfg = Release|Any CPU
		{34CCDABA-9B95-4C58-A98C-1FAF7A6D5B1A}.Release|Any CPU.Build.0 = Release|Any CPU
		{34CCDABA-9B95-4C58-A98C-1FAF7A6D5B1A}.Release|x64.ActiveCfg = Release|Any CPU
		{34CCDABA-9B95-4C58-A98C-1FAF7A6D5B1A}.Release|x64.Build.0 = Release|Any CPU
		{34CCDABA-9B95-4C58-A98C-1FAF7A6D5B1A}.Release|x86.ActiveCfg = Release|Any CPU
		{34CCDABA-9B95-4C58-A98C-1FAF7A6D5B1A}.Release|x86.Build.0 = Release|Any CPU
		{0AC4E813-8EC0-4E49-ACB4-F1AD54D41422}.Debug|Any CPU.ActiveCfg = Debug|Any CPU
		{0AC4E813-8EC0-4E49-ACB4-F1AD54D41422}.Debug|Any CPU.Build.0 = Debug|Any CPU
		{0AC4E813-8EC0-4E49-ACB4-F1AD54D41422}.Debug|x64.ActiveCfg = Debug|Any CPU
		{0AC4E813-8EC0-4E49-ACB4-F1AD54D41422}.Debug|x64.Build.0 = Debug|Any CPU
		{0AC4E813-8EC0-4E49-ACB4-F1AD54D41422}.Debug|x86.ActiveCfg = Debug|Any CPU
		{0AC4E813-8EC0-4E49-ACB4-F1AD54D41422}.Debug|x86.Build.0 = Debug|Any CPU
		{0AC4E813-8EC0-4E49-ACB4-F1AD54D41422}.Release|Any CPU.ActiveCfg = Release|Any CPU
		{0AC4E813-8EC0-4E49-ACB4-F1AD54D41422}.Release|Any CPU.Build.0 = Release|Any CPU
		{0AC4E813-8EC0-4E49-ACB4-F1AD54D41422}.Release|x64.ActiveCfg = Release|Any CPU
		{0AC4E813-8EC0-4E49-ACB4-F1AD54D41422}.Release|x64.Build.0 = Release|Any CPU
		{0AC4E813-8EC0-4E49-ACB4-F1AD54D41422}.Release|x86.ActiveCfg = Release|Any CPU
		{0AC4E813-8EC0-4E49-ACB4-F1AD54D41422}.Release|x86.Build.0 = Release|Any CPU
	EndGlobalSection
EndGlobal
